// !$*UTF8*$!
{
	archiveVersion = 1;
	classes = {
	};
	objectVersion = 56;
	objects = {

/* Begin PBXBuildFile section */
		E32EB62B2AA6F6D0001E16BE /* MenuView.swift in Sources */ = {isa = PBXBuildFile; fileRef = E32EB62A2AA6F6D0001E16BE /* MenuView.swift */; };
		E36008A42AA99D4800014191 /* MessagesManager.swift in Sources */ = {isa = PBXBuildFile; fileRef = E36008A32AA99D4800014191 /* MessagesManager.swift */; };
		E36008A82AAAE4AB00014191 /* TranslateEndpoint.swift in Sources */ = {isa = PBXBuildFile; fileRef = E36008A72AAAE4AB00014191 /* TranslateEndpoint.swift */; };
		E36008AA2AAAE62200014191 /* Language.swift in Sources */ = {isa = PBXBuildFile; fileRef = E36008A92AAAE62200014191 /* Language.swift */; };
		E36008AC2AAAF0F500014191 /* Chat.swift in Sources */ = {isa = PBXBuildFile; fileRef = E36008AB2AAAF0F500014191 /* Chat.swift */; };
		E36008AE2AAB0AC200014191 /* MessageButtons.swift in Sources */ = {isa = PBXBuildFile; fileRef = E36008AD2AAB0AC200014191 /* MessageButtons.swift */; };
		E361BC4C2AA61550007956AD /* AJApp.swift in Sources */ = {isa = PBXBuildFile; fileRef = E361BC4B2AA61550007956AD /* AJApp.swift */; };
		E361BC4E2AA61550007956AD /* MainView.swift in Sources */ = {isa = PBXBuildFile; fileRef = E361BC4D2AA61550007956AD /* MainView.swift */; };
		E361BC502AA61552007956AD /* Assets.xcassets in Resources */ = {isa = PBXBuildFile; fileRef = E361BC4F2AA61552007956AD /* Assets.xcassets */; };
		E361BC532AA61552007956AD /* Preview Assets.xcassets in Resources */ = {isa = PBXBuildFile; fileRef = E361BC522AA61552007956AD /* Preview Assets.xcassets */; };
		E361BC572AA615B8007956AD /* ChatTextField.swift in Sources */ = {isa = PBXBuildFile; fileRef = E32AC4E7299D307400F242CC /* ChatTextField.swift */; };
		E361BC5A2AA615B8007956AD /* TryAgainCell.swift in Sources */ = {isa = PBXBuildFile; fileRef = E3AE5BD429E80D1800AD411B /* TryAgainCell.swift */; };
		E361BC5B2AA615B8007956AD /* ChatCellModel.swift in Sources */ = {isa = PBXBuildFile; fileRef = E342442E29A66BA3006A2AF9 /* ChatCellModel.swift */; };
		E361BC5C2AA615B8007956AD /* ChatView.swift in Sources */ = {isa = PBXBuildFile; fileRef = E32AC50F29A4FB6F00F242CC /* ChatView.swift */; };
		E361BC5D2AA615B8007956AD /* MessageCell.swift in Sources */ = {isa = PBXBuildFile; fileRef = E32AC4E5299D200600F242CC /* MessageCell.swift */; };
		E361BC5E2AA615B8007956AD /* ChatController.swift in Sources */ = {isa = PBXBuildFile; fileRef = E32AC4E1299D1ADF00F242CC /* ChatController.swift */; };
		E361BC5F2AA615CE007956AD /* Message.swift in Sources */ = {isa = PBXBuildFile; fileRef = E342442329A52A68006A2AF9 /* Message.swift */; };
		E361BC662AA6241B007956AD /* Assets.swift in Sources */ = {isa = PBXBuildFile; fileRef = E3C95E6C299BCF8E0099DC16 /* Assets.swift */; };
		E361BC672AA6244B007956AD /* SecureStore.swift in Sources */ = {isa = PBXBuildFile; fileRef = E3553F9B29F96876004127A6 /* SecureStore.swift */; };
		E361BC682AA6244B007956AD /* SecureStoreError.swift in Sources */ = {isa = PBXBuildFile; fileRef = E3553F9729F96840004127A6 /* SecureStoreError.swift */; };
		E361BC692AA6244B007956AD /* SecureStoreQueryable.swift in Sources */ = {isa = PBXBuildFile; fileRef = E3553F9929F96859004127A6 /* SecureStoreQueryable.swift */; };
		E361BC6F2AA62459007956AD /* ChatEndpoint.swift in Sources */ = {isa = PBXBuildFile; fileRef = E3BFCE5E29B1F17D00154D87 /* ChatEndpoint.swift */; };
		E361BC702AA62459007956AD /* APIEndpoint.swift in Sources */ = {isa = PBXBuildFile; fileRef = E3AE5BB529D9CAEC00AD411B /* APIEndpoint.swift */; };
		E361BC712AA6245E007956AD /* FBAnalytics.swift in Sources */ = {isa = PBXBuildFile; fileRef = E342444229A90D68006A2AF9 /* FBAnalytics.swift */; };
		E361BC722AA6245E007956AD /* AnalyticsKey.swift in Sources */ = {isa = PBXBuildFile; fileRef = E342444029A90902006A2AF9 /* AnalyticsKey.swift */; };
		E361BC732AA62463007956AD /* SecurityManager.swift in Sources */ = {isa = PBXBuildFile; fileRef = E3AE5BB729D9CD9400AD411B /* SecurityManager.swift */; };
		E361BC742AA62463007956AD /* NotificationsManager.swift in Sources */ = {isa = PBXBuildFile; fileRef = E342442129A5299C006A2AF9 /* NotificationsManager.swift */; };
		E361BC752AA62463007956AD /* UserDefaultsManager.swift in Sources */ = {isa = PBXBuildFile; fileRef = E342442729A6380B006A2AF9 /* UserDefaultsManager.swift */; };
		E361BC7D2AA6247F007956AD /* View.swift in Sources */ = {isa = PBXBuildFile; fileRef = E3C95E54299BBA8C0099DC16 /* View.swift */; };
		E361BC7E2AA6247F007956AD /* ViewController.swift in Sources */ = {isa = PBXBuildFile; fileRef = E3C95E53299BBA8C0099DC16 /* ViewController.swift */; };
		E361BC7F2AA6247F007956AD /* Cell.swift in Sources */ = {isa = PBXBuildFile; fileRef = E3C95E55299BBA8C0099DC16 /* Cell.swift */; };
		E361BC802AA6247F007956AD /* Header.swift in Sources */ = {isa = PBXBuildFile; fileRef = E32AC4D9299D03A700F242CC /* Header.swift */; };
		E361BC812AA6251D007956AD /* AMChatMessage.swift in Sources */ = {isa = PBXBuildFile; fileRef = E3BFCE6629B1F99A00154D87 /* AMChatMessage.swift */; };
		E361BC832AA6251D007956AD /* AMChatResponse.swift in Sources */ = {isa = PBXBuildFile; fileRef = E3BFCE6429B1F99100154D87 /* AMChatResponse.swift */; };
		E361BC862AA62566007956AD /* SnapKit in Frameworks */ = {isa = PBXBuildFile; productRef = E361BC852AA62566007956AD /* SnapKit */; };
		E361BC882AA62566007956AD /* DifferenceKit in Frameworks */ = {isa = PBXBuildFile; productRef = E361BC872AA62566007956AD /* DifferenceKit */; };
		E361BC8A2AA62566007956AD /* FirebaseAnalytics in Frameworks */ = {isa = PBXBuildFile; productRef = E361BC892AA62566007956AD /* FirebaseAnalytics */; };
		E361BC8C2AA62566007956AD /* Nuke in Frameworks */ = {isa = PBXBuildFile; productRef = E361BC8B2AA62566007956AD /* Nuke */; };
/* End PBXBuildFile section */

/* Begin PBXFileReference section */
		E32AC4D9299D03A700F242CC /* Header.swift */ = {isa = PBXFileReference; lastKnownFileType = sourcecode.swift; path = Header.swift; sourceTree = "<group>"; };
		E32AC4E1299D1ADF00F242CC /* ChatController.swift */ = {isa = PBXFileReference; lastKnownFileType = sourcecode.swift; path = ChatController.swift; sourceTree = "<group>"; };
		E32AC4E5299D200600F242CC /* MessageCell.swift */ = {isa = PBXFileReference; lastKnownFileType = sourcecode.swift; path = MessageCell.swift; sourceTree = "<group>"; };
		E32AC4E7299D307400F242CC /* ChatTextField.swift */ = {isa = PBXFileReference; lastKnownFileType = sourcecode.swift; path = ChatTextField.swift; sourceTree = "<group>"; };
		E32AC50F29A4FB6F00F242CC /* ChatView.swift */ = {isa = PBXFileReference; lastKnownFileType = sourcecode.swift; path = ChatView.swift; sourceTree = "<group>"; };
		E32EB62A2AA6F6D0001E16BE /* MenuView.swift */ = {isa = PBXFileReference; lastKnownFileType = sourcecode.swift; path = MenuView.swift; sourceTree = "<group>"; };
		E342442129A5299C006A2AF9 /* NotificationsManager.swift */ = {isa = PBXFileReference; lastKnownFileType = sourcecode.swift; path = NotificationsManager.swift; sourceTree = "<group>"; };
		E342442329A52A68006A2AF9 /* Message.swift */ = {isa = PBXFileReference; lastKnownFileType = sourcecode.swift; path = Message.swift; sourceTree = "<group>"; };
		E342442729A6380B006A2AF9 /* UserDefaultsManager.swift */ = {isa = PBXFileReference; lastKnownFileType = sourcecode.swift; path = UserDefaultsManager.swift; sourceTree = "<group>"; };
		E342442E29A66BA3006A2AF9 /* ChatCellModel.swift */ = {isa = PBXFileReference; lastKnownFileType = sourcecode.swift; path = ChatCellModel.swift; sourceTree = "<group>"; };
		E342444029A90902006A2AF9 /* AnalyticsKey.swift */ = {isa = PBXFileReference; lastKnownFileType = sourcecode.swift; path = AnalyticsKey.swift; sourceTree = "<group>"; };
		E342444229A90D68006A2AF9 /* FBAnalytics.swift */ = {isa = PBXFileReference; lastKnownFileType = sourcecode.swift; path = FBAnalytics.swift; sourceTree = "<group>"; };
		E3553F9729F96840004127A6 /* SecureStoreError.swift */ = {isa = PBXFileReference; lastKnownFileType = sourcecode.swift; path = SecureStoreError.swift; sourceTree = "<group>"; };
		E3553F9929F96859004127A6 /* SecureStoreQueryable.swift */ = {isa = PBXFileReference; lastKnownFileType = sourcecode.swift; path = SecureStoreQueryable.swift; sourceTree = "<group>"; };
		E3553F9B29F96876004127A6 /* SecureStore.swift */ = {isa = PBXFileReference; lastKnownFileType = sourcecode.swift; path = SecureStore.swift; sourceTree = "<group>"; };
		E36008A02AA9907000014191 /* Info.plist */ = {isa = PBXFileReference; lastKnownFileType = text.plist; path = Info.plist; sourceTree = "<group>"; };
		E36008A32AA99D4800014191 /* MessagesManager.swift */ = {isa = PBXFileReference; lastKnownFileType = sourcecode.swift; path = MessagesManager.swift; sourceTree = "<group>"; };
		E36008A72AAAE4AB00014191 /* TranslateEndpoint.swift */ = {isa = PBXFileReference; lastKnownFileType = sourcecode.swift; path = TranslateEndpoint.swift; sourceTree = "<group>"; };
		E36008A92AAAE62200014191 /* Language.swift */ = {isa = PBXFileReference; lastKnownFileType = sourcecode.swift; path = Language.swift; sourceTree = "<group>"; };
		E36008AB2AAAF0F500014191 /* Chat.swift */ = {isa = PBXFileReference; lastKnownFileType = sourcecode.swift; path = Chat.swift; sourceTree = "<group>"; };
		E36008AD2AAB0AC200014191 /* MessageButtons.swift */ = {isa = PBXFileReference; lastKnownFileType = sourcecode.swift; path = MessageButtons.swift; sourceTree = "<group>"; };
		E361BC492AA61550007956AD /* AJ.app */ = {isa = PBXFileReference; explicitFileType = wrapper.application; includeInIndex = 0; path = AJ.app; sourceTree = BUILT_PRODUCTS_DIR; };
		E361BC4B2AA61550007956AD /* AJApp.swift */ = {isa = PBXFileReference; lastKnownFileType = sourcecode.swift; path = AJApp.swift; sourceTree = "<group>"; };
		E361BC4D2AA61550007956AD /* MainView.swift */ = {isa = PBXFileReference; lastKnownFileType = sourcecode.swift; path = MainView.swift; sourceTree = "<group>"; };
		E361BC4F2AA61552007956AD /* Assets.xcassets */ = {isa = PBXFileReference; lastKnownFileType = folder.assetcatalog; path = Assets.xcassets; sourceTree = "<group>"; };
		E361BC522AA61552007956AD /* Preview Assets.xcassets */ = {isa = PBXFileReference; lastKnownFileType = folder.assetcatalog; path = "Preview Assets.xcassets"; sourceTree = "<group>"; };
		E3AE5BB529D9CAEC00AD411B /* APIEndpoint.swift */ = {isa = PBXFileReference; lastKnownFileType = sourcecode.swift; path = APIEndpoint.swift; sourceTree = "<group>"; };
		E3AE5BB729D9CD9400AD411B /* SecurityManager.swift */ = {isa = PBXFileReference; lastKnownFileType = sourcecode.swift; path = SecurityManager.swift; sourceTree = "<group>"; };
		E3AE5BD429E80D1800AD411B /* TryAgainCell.swift */ = {isa = PBXFileReference; lastKnownFileType = sourcecode.swift; path = TryAgainCell.swift; sourceTree = "<group>"; };
		E3BFCE5E29B1F17D00154D87 /* ChatEndpoint.swift */ = {isa = PBXFileReference; lastKnownFileType = sourcecode.swift; path = ChatEndpoint.swift; sourceTree = "<group>"; };
		E3BFCE6429B1F99100154D87 /* AMChatResponse.swift */ = {isa = PBXFileReference; lastKnownFileType = sourcecode.swift; path = AMChatResponse.swift; sourceTree = "<group>"; };
		E3BFCE6629B1F99A00154D87 /* AMChatMessage.swift */ = {isa = PBXFileReference; lastKnownFileType = sourcecode.swift; path = AMChatMessage.swift; sourceTree = "<group>"; };
		E3C95E53299BBA8C0099DC16 /* ViewController.swift */ = {isa = PBXFileReference; fileEncoding = 4; lastKnownFileType = sourcecode.swift; path = ViewController.swift; sourceTree = "<group>"; };
		E3C95E54299BBA8C0099DC16 /* View.swift */ = {isa = PBXFileReference; fileEncoding = 4; lastKnownFileType = sourcecode.swift; path = View.swift; sourceTree = "<group>"; };
		E3C95E55299BBA8C0099DC16 /* Cell.swift */ = {isa = PBXFileReference; fileEncoding = 4; lastKnownFileType = sourcecode.swift; path = Cell.swift; sourceTree = "<group>"; };
		E3C95E6C299BCF8E0099DC16 /* Assets.swift */ = {isa = PBXFileReference; lastKnownFileType = sourcecode.swift; path = Assets.swift; sourceTree = "<group>"; };
/* End PBXFileReference section */

/* Begin PBXFrameworksBuildPhase section */
		E361BC462AA61550007956AD /* Frameworks */ = {
			isa = PBXFrameworksBuildPhase;
			buildActionMask = 2147483647;
			files = (
				E361BC882AA62566007956AD /* DifferenceKit in Frameworks */,
				E361BC862AA62566007956AD /* SnapKit in Frameworks */,
				E361BC8A2AA62566007956AD /* FirebaseAnalytics in Frameworks */,
				E361BC8C2AA62566007956AD /* Nuke in Frameworks */,
			);
			runOnlyForDeploymentPostprocessing = 0;
		};
/* End PBXFrameworksBuildPhase section */

/* Begin PBXGroup section */
		22F33CD8298FDD88006CA8E0 = {
			isa = PBXGroup;
			children = (
				E361BC4A2AA61550007956AD /* AJ */,
				22F33CE2298FDD88006CA8E0 /* Products */,
				E361BC842AA62566007956AD /* Frameworks */,
			);
			sourceTree = "<group>";
		};
		22F33CE2298FDD88006CA8E0 /* Products */ = {
			isa = PBXGroup;
			children = (
				E361BC492AA61550007956AD /* AJ.app */,
			);
			name = Products;
			sourceTree = "<group>";
		};
		E32AC4E0299D1AD000F242CC /* Chat */ = {
			isa = PBXGroup;
			children = (
				E3AE5BD329E80CEA00AD411B /* Cells */,
				E32AC4E1299D1ADF00F242CC /* ChatController.swift */,
				E32AC4E7299D307400F242CC /* ChatTextField.swift */,
				E32AC50F29A4FB6F00F242CC /* ChatView.swift */,
				E342442E29A66BA3006A2AF9 /* ChatCellModel.swift */,
			);
			path = Chat;
			sourceTree = "<group>";
		};
		E32AC50929A3C5B900F242CC /* Data */ = {
			isa = PBXGroup;
			children = (
				E3553F9629F96836004127A6 /* SecureStore */,
				E3BFCE5D29B1F16500154D87 /* Endpoints */,
				E342443F29A908EC006A2AF9 /* Analytics */,
				E342441E29A52953006A2AF9 /* Managers */,
				E3C95E72299BD2E70099DC16 /* Models */,
			);
			path = Data;
			sourceTree = "<group>";
		};
		E342441E29A52953006A2AF9 /* Managers */ = {
			isa = PBXGroup;
			children = (
				E342442129A5299C006A2AF9 /* NotificationsManager.swift */,
				E342442729A6380B006A2AF9 /* UserDefaultsManager.swift */,
				E3AE5BB729D9CD9400AD411B /* SecurityManager.swift */,
				E36008A32AA99D4800014191 /* MessagesManager.swift */,
			);
			path = Managers;
			sourceTree = "<group>";
		};
		E342443F29A908EC006A2AF9 /* Analytics */ = {
			isa = PBXGroup;
			children = (
				E342444029A90902006A2AF9 /* AnalyticsKey.swift */,
				E342444229A90D68006A2AF9 /* FBAnalytics.swift */,
			);
			path = Analytics;
			sourceTree = "<group>";
		};
		E3553F9629F96836004127A6 /* SecureStore */ = {
			isa = PBXGroup;
			children = (
				E3553F9729F96840004127A6 /* SecureStoreError.swift */,
				E3553F9929F96859004127A6 /* SecureStoreQueryable.swift */,
				E3553F9B29F96876004127A6 /* SecureStore.swift */,
			);
			path = SecureStore;
			sourceTree = "<group>";
		};
		E361BC4A2AA61550007956AD /* AJ */ = {
			isa = PBXGroup;
			children = (
				E36008A02AA9907000014191 /* Info.plist */,
				E361BC4B2AA61550007956AD /* AJApp.swift */,
				E3C95E6C299BCF8E0099DC16 /* Assets.swift */,
				E361BC4F2AA61552007956AD /* Assets.xcassets */,
				E32AC50929A3C5B900F242CC /* Data */,
				E3C95E4D299BB9710099DC16 /* UI */,
				E361BC512AA61552007956AD /* Preview Content */,
			);
			path = AJ;
			sourceTree = "<group>";
		};
		E361BC512AA61552007956AD /* Preview Content */ = {
			isa = PBXGroup;
			children = (
				E361BC522AA61552007956AD /* Preview Assets.xcassets */,
			);
			path = "Preview Content";
			sourceTree = "<group>";
		};
		E361BC842AA62566007956AD /* Frameworks */ = {
			isa = PBXGroup;
			children = (
			);
			name = Frameworks;
			sourceTree = "<group>";
		};
		E3AE5BD329E80CEA00AD411B /* Cells */ = {
			isa = PBXGroup;
			children = (
				E32AC4E5299D200600F242CC /* MessageCell.swift */,
				E3AE5BD429E80D1800AD411B /* TryAgainCell.swift */,
				E36008AD2AAB0AC200014191 /* MessageButtons.swift */,
			);
			path = Cells;
			sourceTree = "<group>";
		};
		E3BFCE5D29B1F16500154D87 /* Endpoints */ = {
			isa = PBXGroup;
			children = (
				E3BFCE6129B1F19F00154D87 /* Models */,
				E3BFCE5E29B1F17D00154D87 /* ChatEndpoint.swift */,
				E3AE5BB529D9CAEC00AD411B /* APIEndpoint.swift */,
				E36008A72AAAE4AB00014191 /* TranslateEndpoint.swift */,
			);
			path = Endpoints;
			sourceTree = "<group>";
		};
		E3BFCE6129B1F19F00154D87 /* Models */ = {
			isa = PBXGroup;
			children = (
				E3BFCE6429B1F99100154D87 /* AMChatResponse.swift */,
				E3BFCE6629B1F99A00154D87 /* AMChatMessage.swift */,
			);
			path = Models;
			sourceTree = "<group>";
		};
		E3C95E4D299BB9710099DC16 /* UI */ = {
			isa = PBXGroup;
			children = (
				E361BC4D2AA61550007956AD /* MainView.swift */,
				E32EB62A2AA6F6D0001E16BE /* MenuView.swift */,
				E3C95E52299BBA8C0099DC16 /* Base */,
				E32AC4E0299D1AD000F242CC /* Chat */,
			);
			path = UI;
			sourceTree = "<group>";
		};
		E3C95E52299BBA8C0099DC16 /* Base */ = {
			isa = PBXGroup;
			children = (
				E3C95E53299BBA8C0099DC16 /* ViewController.swift */,
				E3C95E54299BBA8C0099DC16 /* View.swift */,
				E3C95E55299BBA8C0099DC16 /* Cell.swift */,
				E32AC4D9299D03A700F242CC /* Header.swift */,
			);
			path = Base;
			sourceTree = "<group>";
		};
		E3C95E72299BD2E70099DC16 /* Models */ = {
			isa = PBXGroup;
			children = (
				E342442329A52A68006A2AF9 /* Message.swift */,
				E36008A92AAAE62200014191 /* Language.swift */,
				E36008AB2AAAF0F500014191 /* Chat.swift */,
			);
			path = Models;
			sourceTree = "<group>";
		};
/* End PBXGroup section */

/* Begin PBXNativeTarget section */
		E361BC482AA61550007956AD /* AJ */ = {
			isa = PBXNativeTarget;
			buildConfigurationList = E361BC562AA61552007956AD /* Build configuration list for PBXNativeTarget "AJ" */;
			buildPhases = (
				E361BC452AA61550007956AD /* Sources */,
				E361BC462AA61550007956AD /* Frameworks */,
				E361BC472AA61550007956AD /* Resources */,
			);
			buildRules = (
			);
			dependencies = (
			);
			name = AJ;
			packageProductDependencies = (
				E361BC852AA62566007956AD /* SnapKit */,
				E361BC872AA62566007956AD /* DifferenceKit */,
				E361BC892AA62566007956AD /* FirebaseAnalytics */,
				E361BC8B2AA62566007956AD /* Nuke */,
			);
			productName = AJ;
			productReference = E361BC492AA61550007956AD /* AJ.app */;
			productType = "com.apple.product-type.application";
		};
/* End PBXNativeTarget section */

/* Begin PBXProject section */
		22F33CD9298FDD88006CA8E0 /* Project object */ = {
			isa = PBXProject;
			attributes = {
				BuildIndependentTargetsInParallel = 1;
				LastSwiftUpdateCheck = 1500;
				LastUpgradeCheck = 1410;
				TargetAttributes = {
					E361BC482AA61550007956AD = {
						CreatedOnToolsVersion = 15.0;
					};
				};
			};
			buildConfigurationList = 22F33CDC298FDD88006CA8E0 /* Build configuration list for PBXProject "A2Z" */;
			compatibilityVersion = "Xcode 14.0";
			developmentRegion = en;
			hasScannedForEncodings = 0;
			knownRegions = (
				en,
				Base,
				fr,
				it,
				de,
				es,
			);
			mainGroup = 22F33CD8298FDD88006CA8E0;
			packageReferences = (
				E3C95E67299BC9370099DC16 /* XCRemoteSwiftPackageReference "SnapKit" */,
				E342443029A6749E006A2AF9 /* XCRemoteSwiftPackageReference "DifferenceKit" */,
				E3AE5B4029BF71F700AD411B /* XCRemoteSwiftPackageReference "firebase-ios-sdk" */,
				E3AE5BAE29D8891000AD411B /* XCRemoteSwiftPackageReference "Nuke" */,
			);
			productRefGroup = 22F33CE2298FDD88006CA8E0 /* Products */;
			projectDirPath = "";
			projectRoot = "";
			targets = (
				E361BC482AA61550007956AD /* AJ */,
			);
		};
/* End PBXProject section */

/* Begin PBXResourcesBuildPhase section */
		E361BC472AA61550007956AD /* Resources */ = {
			isa = PBXResourcesBuildPhase;
			buildActionMask = 2147483647;
			files = (
				E361BC532AA61552007956AD /* Preview Assets.xcassets in Resources */,
				E361BC502AA61552007956AD /* Assets.xcassets in Resources */,
			);
			runOnlyForDeploymentPostprocessing = 0;
		};
/* End PBXResourcesBuildPhase section */

/* Begin PBXSourcesBuildPhase section */
		E361BC452AA61550007956AD /* Sources */ = {
			isa = PBXSourcesBuildPhase;
			buildActionMask = 2147483647;
			files = (
				E361BC802AA6247F007956AD /* Header.swift in Sources */,
				E361BC4E2AA61550007956AD /* MainView.swift in Sources */,
				E361BC702AA62459007956AD /* APIEndpoint.swift in Sources */,
				E36008AE2AAB0AC200014191 /* MessageButtons.swift in Sources */,
				E361BC662AA6241B007956AD /* Assets.swift in Sources */,
				E361BC682AA6244B007956AD /* SecureStoreError.swift in Sources */,
				E361BC5E2AA615B8007956AD /* ChatController.swift in Sources */,
				E361BC7D2AA6247F007956AD /* View.swift in Sources */,
				E361BC812AA6251D007956AD /* AMChatMessage.swift in Sources */,
				E361BC832AA6251D007956AD /* AMChatResponse.swift in Sources */,
				E361BC732AA62463007956AD /* SecurityManager.swift in Sources */,
				E361BC742AA62463007956AD /* NotificationsManager.swift in Sources */,
				E36008AA2AAAE62200014191 /* Language.swift in Sources */,
				E361BC712AA6245E007956AD /* FBAnalytics.swift in Sources */,
				E361BC5B2AA615B8007956AD /* ChatCellModel.swift in Sources */,
				E361BC5C2AA615B8007956AD /* ChatView.swift in Sources */,
				E361BC722AA6245E007956AD /* AnalyticsKey.swift in Sources */,
				E361BC692AA6244B007956AD /* SecureStoreQueryable.swift in Sources */,
				E36008A82AAAE4AB00014191 /* TranslateEndpoint.swift in Sources */,
				E361BC5F2AA615CE007956AD /* Message.swift in Sources */,
				E361BC4C2AA61550007956AD /* AJApp.swift in Sources */,
				E361BC5A2AA615B8007956AD /* TryAgainCell.swift in Sources */,
				E361BC572AA615B8007956AD /* ChatTextField.swift in Sources */,
				E36008A42AA99D4800014191 /* MessagesManager.swift in Sources */,
				E32EB62B2AA6F6D0001E16BE /* MenuView.swift in Sources */,
				E361BC7E2AA6247F007956AD /* ViewController.swift in Sources */,
				E361BC7F2AA6247F007956AD /* Cell.swift in Sources */,
				E36008AC2AAAF0F500014191 /* Chat.swift in Sources */,
				E361BC752AA62463007956AD /* UserDefaultsManager.swift in Sources */,
				E361BC6F2AA62459007956AD /* ChatEndpoint.swift in Sources */,
				E361BC5D2AA615B8007956AD /* MessageCell.swift in Sources */,
				E361BC672AA6244B007956AD /* SecureStore.swift in Sources */,
			);
			runOnlyForDeploymentPostprocessing = 0;
		};
/* End PBXSourcesBuildPhase section */

/* Begin XCBuildConfiguration section */
		22F33D03298FDD89006CA8E0 /* Debug */ = {
			isa = XCBuildConfiguration;
			buildSettings = {
				ALWAYS_SEARCH_USER_PATHS = NO;
				CLANG_ANALYZER_NONNULL = YES;
				CLANG_ANALYZER_NUMBER_OBJECT_CONVERSION = YES_AGGRESSIVE;
				CLANG_CXX_LANGUAGE_STANDARD = "gnu++20";
				CLANG_ENABLE_MODULES = YES;
				CLANG_ENABLE_OBJC_ARC = YES;
				CLANG_ENABLE_OBJC_WEAK = YES;
				CLANG_WARN_BLOCK_CAPTURE_AUTORELEASING = YES;
				CLANG_WARN_BOOL_CONVERSION = YES;
				CLANG_WARN_COMMA = YES;
				CLANG_WARN_CONSTANT_CONVERSION = YES;
				CLANG_WARN_DEPRECATED_OBJC_IMPLEMENTATIONS = YES;
				CLANG_WARN_DIRECT_OBJC_ISA_USAGE = YES_ERROR;
				CLANG_WARN_DOCUMENTATION_COMMENTS = YES;
				CLANG_WARN_EMPTY_BODY = YES;
				CLANG_WARN_ENUM_CONVERSION = YES;
				CLANG_WARN_INFINITE_RECURSION = YES;
				CLANG_WARN_INT_CONVERSION = YES;
				CLANG_WARN_NON_LITERAL_NULL_CONVERSION = YES;
				CLANG_WARN_OBJC_IMPLICIT_RETAIN_SELF = YES;
				CLANG_WARN_OBJC_LITERAL_CONVERSION = YES;
				CLANG_WARN_OBJC_ROOT_CLASS = YES_ERROR;
				CLANG_WARN_QUOTED_INCLUDE_IN_FRAMEWORK_HEADER = YES;
				CLANG_WARN_RANGE_LOOP_ANALYSIS = YES;
				CLANG_WARN_STRICT_PROTOTYPES = YES;
				CLANG_WARN_SUSPICIOUS_MOVE = YES;
				CLANG_WARN_UNGUARDED_AVAILABILITY = YES_AGGRESSIVE;
				CLANG_WARN_UNREACHABLE_CODE = YES;
				CLANG_WARN__DUPLICATE_METHOD_MATCH = YES;
				COPY_PHASE_STRIP = NO;
				DEBUG_INFORMATION_FORMAT = dwarf;
				ENABLE_STRICT_OBJC_MSGSEND = YES;
				ENABLE_TESTABILITY = YES;
				GCC_C_LANGUAGE_STANDARD = gnu11;
				GCC_DYNAMIC_NO_PIC = NO;
				GCC_NO_COMMON_BLOCKS = YES;
				GCC_OPTIMIZATION_LEVEL = 0;
				GCC_PREPROCESSOR_DEFINITIONS = (
					"DEBUG=1",
					"$(inherited)",
				);
				GCC_WARN_64_TO_32_BIT_CONVERSION = YES;
				GCC_WARN_ABOUT_RETURN_TYPE = YES_ERROR;
				GCC_WARN_UNDECLARED_SELECTOR = YES;
				GCC_WARN_UNINITIALIZED_AUTOS = YES_AGGRESSIVE;
				GCC_WARN_UNUSED_FUNCTION = YES;
				GCC_WARN_UNUSED_VARIABLE = YES;
				IPHONEOS_DEPLOYMENT_TARGET = 15.0;
				MTL_ENABLE_DEBUG_INFO = INCLUDE_SOURCE;
				MTL_FAST_MATH = YES;
				ONLY_ACTIVE_ARCH = YES;
				SDKROOT = iphoneos;
				SWIFT_ACTIVE_COMPILATION_CONDITIONS = DEBUG;
				SWIFT_OPTIMIZATION_LEVEL = "-Onone";
			};
			name = Debug;
		};
		22F33D04298FDD89006CA8E0 /* Release */ = {
			isa = XCBuildConfiguration;
			buildSettings = {
				ALWAYS_SEARCH_USER_PATHS = NO;
				CLANG_ANALYZER_NONNULL = YES;
				CLANG_ANALYZER_NUMBER_OBJECT_CONVERSION = YES_AGGRESSIVE;
				CLANG_CXX_LANGUAGE_STANDARD = "gnu++20";
				CLANG_ENABLE_MODULES = YES;
				CLANG_ENABLE_OBJC_ARC = YES;
				CLANG_ENABLE_OBJC_WEAK = YES;
				CLANG_WARN_BLOCK_CAPTURE_AUTORELEASING = YES;
				CLANG_WARN_BOOL_CONVERSION = YES;
				CLANG_WARN_COMMA = YES;
				CLANG_WARN_CONSTANT_CONVERSION = YES;
				CLANG_WARN_DEPRECATED_OBJC_IMPLEMENTATIONS = YES;
				CLANG_WARN_DIRECT_OBJC_ISA_USAGE = YES_ERROR;
				CLANG_WARN_DOCUMENTATION_COMMENTS = YES;
				CLANG_WARN_EMPTY_BODY = YES;
				CLANG_WARN_ENUM_CONVERSION = YES;
				CLANG_WARN_INFINITE_RECURSION = YES;
				CLANG_WARN_INT_CONVERSION = YES;
				CLANG_WARN_NON_LITERAL_NULL_CONVERSION = YES;
				CLANG_WARN_OBJC_IMPLICIT_RETAIN_SELF = YES;
				CLANG_WARN_OBJC_LITERAL_CONVERSION = YES;
				CLANG_WARN_OBJC_ROOT_CLASS = YES_ERROR;
				CLANG_WARN_QUOTED_INCLUDE_IN_FRAMEWORK_HEADER = YES;
				CLANG_WARN_RANGE_LOOP_ANALYSIS = YES;
				CLANG_WARN_STRICT_PROTOTYPES = YES;
				CLANG_WARN_SUSPICIOUS_MOVE = YES;
				CLANG_WARN_UNGUARDED_AVAILABILITY = YES_AGGRESSIVE;
				CLANG_WARN_UNREACHABLE_CODE = YES;
				CLANG_WARN__DUPLICATE_METHOD_MATCH = YES;
				COPY_PHASE_STRIP = NO;
				DEBUG_INFORMATION_FORMAT = "dwarf-with-dsym";
				ENABLE_NS_ASSERTIONS = NO;
				ENABLE_STRICT_OBJC_MSGSEND = YES;
				GCC_C_LANGUAGE_STANDARD = gnu11;
				GCC_NO_COMMON_BLOCKS = YES;
				GCC_WARN_64_TO_32_BIT_CONVERSION = YES;
				GCC_WARN_ABOUT_RETURN_TYPE = YES_ERROR;
				GCC_WARN_UNDECLARED_SELECTOR = YES;
				GCC_WARN_UNINITIALIZED_AUTOS = YES_AGGRESSIVE;
				GCC_WARN_UNUSED_FUNCTION = YES;
				GCC_WARN_UNUSED_VARIABLE = YES;
				IPHONEOS_DEPLOYMENT_TARGET = 15.0;
				MTL_ENABLE_DEBUG_INFO = NO;
				MTL_FAST_MATH = YES;
				SDKROOT = iphoneos;
				SWIFT_COMPILATION_MODE = wholemodule;
				SWIFT_OPTIMIZATION_LEVEL = "-O";
				VALIDATE_PRODUCT = YES;
			};
			name = Release;
		};
		E361BC542AA61552007956AD /* Debug */ = {
			isa = XCBuildConfiguration;
			buildSettings = {
				ASSETCATALOG_COMPILER_APPICON_NAME = AppIcon;
				ASSETCATALOG_COMPILER_GENERATE_SWIFT_ASSET_SYMBOL_EXTENSIONS = YES;
				ASSETCATALOG_COMPILER_GLOBAL_ACCENT_COLOR_NAME = AccentColor;
				CODE_SIGN_STYLE = Automatic;
				CURRENT_PROJECT_VERSION = 1;
				DEVELOPMENT_ASSET_PATHS = "\"AJ/Preview Content\"";
				DEVELOPMENT_TEAM = QURJ6229N6;
				ENABLE_PREVIEWS = YES;
				ENABLE_USER_SCRIPT_SANDBOXING = YES;
				GCC_C_LANGUAGE_STANDARD = gnu17;
				GENERATE_INFOPLIST_FILE = YES;
				INFOPLIST_FILE = AJ/Info.plist;
				INFOPLIST_KEY_CFBundleDisplayName = Translate;
				INFOPLIST_KEY_LSApplicationCategoryType = "public.app-category.education";
				INFOPLIST_KEY_UIApplicationSceneManifest_Generation = YES;
				INFOPLIST_KEY_UIApplicationSupportsIndirectInputEvents = YES;
				INFOPLIST_KEY_UILaunchScreen_Generation = YES;
				INFOPLIST_KEY_UISupportedInterfaceOrientations_iPad = "UIInterfaceOrientationPortrait UIInterfaceOrientationPortraitUpsideDown UIInterfaceOrientationLandscapeLeft UIInterfaceOrientationLandscapeRight";
				INFOPLIST_KEY_UISupportedInterfaceOrientations_iPhone = "UIInterfaceOrientationPortrait UIInterfaceOrientationLandscapeLeft UIInterfaceOrientationLandscapeRight";
				IPHONEOS_DEPLOYMENT_TARGET = 17.0;
				LD_RUNPATH_SEARCH_PATHS = (
					"$(inherited)",
					"@executable_path/Frameworks",
				);
				LOCALIZATION_PREFERS_STRING_CATALOGS = YES;
				MARKETING_VERSION = 1.0;
				PRODUCT_BUNDLE_IDENTIFIER = com.mpp.AJ;
				PRODUCT_NAME = "$(TARGET_NAME)";
				SWIFT_ACTIVE_COMPILATION_CONDITIONS = "DEBUG $(inherited)";
				SWIFT_EMIT_LOC_STRINGS = YES;
				SWIFT_VERSION = 5.0;
				TARGETED_DEVICE_FAMILY = "1,2";
			};
			name = Debug;
		};
		E361BC552AA61552007956AD /* Release */ = {
			isa = XCBuildConfiguration;
			buildSettings = {
				ASSETCATALOG_COMPILER_APPICON_NAME = AppIcon;
				ASSETCATALOG_COMPILER_GENERATE_SWIFT_ASSET_SYMBOL_EXTENSIONS = YES;
				ASSETCATALOG_COMPILER_GLOBAL_ACCENT_COLOR_NAME = AccentColor;
				CODE_SIGN_STYLE = Automatic;
				CURRENT_PROJECT_VERSION = 1;
				DEVELOPMENT_ASSET_PATHS = "\"AJ/Preview Content\"";
				DEVELOPMENT_TEAM = QURJ6229N6;
				ENABLE_PREVIEWS = YES;
				ENABLE_USER_SCRIPT_SANDBOXING = YES;
				GCC_C_LANGUAGE_STANDARD = gnu17;
				GENERATE_INFOPLIST_FILE = YES;
				INFOPLIST_FILE = AJ/Info.plist;
				INFOPLIST_KEY_CFBundleDisplayName = Translate;
				INFOPLIST_KEY_LSApplicationCategoryType = "public.app-category.education";
				INFOPLIST_KEY_UIApplicationSceneManifest_Generation = YES;
				INFOPLIST_KEY_UIApplicationSupportsIndirectInputEvents = YES;
				INFOPLIST_KEY_UILaunchScreen_Generation = YES;
				INFOPLIST_KEY_UISupportedInterfaceOrientations_iPad = "UIInterfaceOrientationPortrait UIInterfaceOrientationPortraitUpsideDown UIInterfaceOrientationLandscapeLeft UIInterfaceOrientationLandscapeRight";
				INFOPLIST_KEY_UISupportedInterfaceOrientations_iPhone = "UIInterfaceOrientationPortrait UIInterfaceOrientationLandscapeLeft UIInterfaceOrientationLandscapeRight";
				IPHONEOS_DEPLOYMENT_TARGET = 17.0;
				LD_RUNPATH_SEARCH_PATHS = (
					"$(inherited)",
					"@executable_path/Frameworks",
				);
				LOCALIZATION_PREFERS_STRING_CATALOGS = YES;
				MARKETING_VERSION = 1.0;
				PRODUCT_BUNDLE_IDENTIFIER = com.mpp.AJ;
				PRODUCT_NAME = "$(TARGET_NAME)";
				SWIFT_EMIT_LOC_STRINGS = YES;
				SWIFT_VERSION = 5.0;
				TARGETED_DEVICE_FAMILY = "1,2";
			};
			name = Release;
		};
/* End XCBuildConfiguration section */

/* Begin XCConfigurationList section */
		22F33CDC298FDD88006CA8E0 /* Build configuration list for PBXProject "A2Z" */ = {
			isa = XCConfigurationList;
			buildConfigurations = (
				22F33D03298FDD89006CA8E0 /* Debug */,
				22F33D04298FDD89006CA8E0 /* Release */,
			);
			defaultConfigurationIsVisible = 0;
			defaultConfigurationName = Release;
		};
		E361BC562AA61552007956AD /* Build configuration list for PBXNativeTarget "AJ" */ = {
			isa = XCConfigurationList;
			buildConfigurations = (
				E361BC542AA61552007956AD /* Debug */,
				E361BC552AA61552007956AD /* Release */,
			);
			defaultConfigurationIsVisible = 0;
			defaultConfigurationName = Release;
		};
/* End XCConfigurationList section */

/* Begin XCRemoteSwiftPackageReference section */
		E342443029A6749E006A2AF9 /* XCRemoteSwiftPackageReference "DifferenceKit" */ = {
			isa = XCRemoteSwiftPackageReference;
			repositoryURL = "https://github.com/ra1028/DifferenceKit";
			requirement = {
				kind = upToNextMajorVersion;
				minimumVersion = 1.0.0;
			};
		};
		E3AE5B4029BF71F700AD411B /* XCRemoteSwiftPackageReference "firebase-ios-sdk" */ = {
			isa = XCRemoteSwiftPackageReference;
			repositoryURL = "https://github.com/firebase/firebase-ios-sdk";
			requirement = {
				branch = master;
				kind = branch;
			};
		};
		E3AE5BAE29D8891000AD411B /* XCRemoteSwiftPackageReference "Nuke" */ = {
			isa = XCRemoteSwiftPackageReference;
			repositoryURL = "https://github.com/kean/Nuke";
			requirement = {
				branch = main;
				kind = branch;
			};
		};
		E3C95E67299BC9370099DC16 /* XCRemoteSwiftPackageReference "SnapKit" */ = {
			isa = XCRemoteSwiftPackageReference;
			repositoryURL = "https://github.com/SnapKit/SnapKit.git";
			requirement = {
				kind = upToNextMajorVersion;
				minimumVersion = 5.0.0;
			};
		};
/* End XCRemoteSwiftPackageReference section */

/* Begin XCSwiftPackageProductDependency section */
		E361BC852AA62566007956AD /* SnapKit */ = {
			isa = XCSwiftPackageProductDependency;
			package = E3C95E67299BC9370099DC16 /* XCRemoteSwiftPackageReference "SnapKit" */;
			productName = SnapKit;
		};
		E361BC872AA62566007956AD /* DifferenceKit */ = {
			isa = XCSwiftPackageProductDependency;
			package = E342443029A6749E006A2AF9 /* XCRemoteSwiftPackageReference "DifferenceKit" */;
			productName = DifferenceKit;
		};
		E361BC892AA62566007956AD /* FirebaseAnalytics */ = {
			isa = XCSwiftPackageProductDependency;
			package = E3AE5B4029BF71F700AD411B /* XCRemoteSwiftPackageReference "firebase-ios-sdk" */;
			productName = FirebaseAnalytics;
		};
		E361BC8B2AA62566007956AD /* Nuke */ = {
			isa = XCSwiftPackageProductDependency;
			package = E3AE5BAE29D8891000AD411B /* XCRemoteSwiftPackageReference "Nuke" */;
			productName = Nuke;
		};
/* End XCSwiftPackageProductDependency section */
	};
	rootObject = 22F33CD9298FDD88006CA8E0 /* Project object */;
}
