// !$*UTF8*$!
{
	archiveVersion = 1;
	classes = {
	};
	objectVersion = 56;
	objects = {

/* Begin PBXBuildFile section */
		E31540902AC43FA900D5A36C /* AppIconView.swift in Sources */ = {isa = PBXBuildFile; fileRef = E315408F2AC43FA900D5A36C /* AppIconView.swift */; };
		E33221A82AC6DAA400964402 /* LanguageDetector.swift in Sources */ = {isa = PBXBuildFile; fileRef = E33221A72AC6DAA400964402 /* LanguageDetector.swift */; };
		E33221AA2AC8039500964402 /* NavBar.swift in Sources */ = {isa = PBXBuildFile; fileRef = E33221A92AC8039500964402 /* NavBar.swift */; };
		E33221AC2ACA8B1100964402 /* DateCell.swift in Sources */ = {isa = PBXBuildFile; fileRef = E33221AB2ACA8B1100964402 /* DateCell.swift */; };
		E33221AE2ACA8BA900964402 /* DateFormatters.swift in Sources */ = {isa = PBXBuildFile; fileRef = E33221AD2ACA8BA900964402 /* DateFormatters.swift */; };
		E36008A82AAAE4AB00014191 /* Translator.swift in Sources */ = {isa = PBXBuildFile; fileRef = E36008A72AAAE4AB00014191 /* Translator.swift */; };
		E36008AA2AAAE62200014191 /* Language.swift in Sources */ = {isa = PBXBuildFile; fileRef = E36008A92AAAE62200014191 /* Language.swift */; };
		E36008B02AAEF9AE00014191 /* AudioPlayer.swift in Sources */ = {isa = PBXBuildFile; fileRef = E36008AF2AAEF9AE00014191 /* AudioPlayer.swift */; };
		E36008D42AB0592F00014191 /* SpeechRecognizer.swift in Sources */ = {isa = PBXBuildFile; fileRef = E36008D32AB0592F00014191 /* SpeechRecognizer.swift */; };
		E361BC4C2AA61550007956AD /* AJApp.swift in Sources */ = {isa = PBXBuildFile; fileRef = E361BC4B2AA61550007956AD /* AJApp.swift */; };
		E361BC4E2AA61550007956AD /* MainView.swift in Sources */ = {isa = PBXBuildFile; fileRef = E361BC4D2AA61550007956AD /* MainView.swift */; };
		E361BC502AA61552007956AD /* Assets.xcassets in Resources */ = {isa = PBXBuildFile; fileRef = E361BC4F2AA61552007956AD /* Assets.xcassets */; };
		E361BC532AA61552007956AD /* Preview Assets.xcassets in Resources */ = {isa = PBXBuildFile; fileRef = E361BC522AA61552007956AD /* Preview Assets.xcassets */; };
		E361BC5F2AA615CE007956AD /* Message.swift in Sources */ = {isa = PBXBuildFile; fileRef = E342442329A52A68006A2AF9 /* Message.swift */; };
		E361BC662AA6241B007956AD /* Assets.swift in Sources */ = {isa = PBXBuildFile; fileRef = E3C95E6C299BCF8E0099DC16 /* Assets.swift */; };
		E361BC702AA62459007956AD /* APIEndpoint.swift in Sources */ = {isa = PBXBuildFile; fileRef = E3AE5BB529D9CAEC00AD411B /* APIEndpoint.swift */; };
		E361BC812AA6251D007956AD /* AMChatMessage.swift in Sources */ = {isa = PBXBuildFile; fileRef = E3BFCE6629B1F99A00154D87 /* AMChatMessage.swift */; };
		E361BC832AA6251D007956AD /* AMChatResponse.swift in Sources */ = {isa = PBXBuildFile; fileRef = E3BFCE6429B1F99100154D87 /* AMChatResponse.swift */; };
		E37022752AD052660031FD0F /* ImageTextRecognizer.swift in Sources */ = {isa = PBXBuildFile; fileRef = E37022742AD052660031FD0F /* ImageTextRecognizer.swift */; };
		E37022792AD11F770031FD0F /* ImageTranslator.swift in Sources */ = {isa = PBXBuildFile; fileRef = E37022782AD11F770031FD0F /* ImageTranslator.swift */; };
		E370227C2AD15BEC0031FD0F /* Plan.swift in Sources */ = {isa = PBXBuildFile; fileRef = E370227B2AD15BEC0031FD0F /* Plan.swift */; };
		E37D06AC2ABC3216005FE0F1 /* LanguagesView.swift in Sources */ = {isa = PBXBuildFile; fileRef = E37D06AB2ABC3216005FE0F1 /* LanguagesView.swift */; };
		E37D06AE2ABC5F20005FE0F1 /* UserDefaultsManager.swift in Sources */ = {isa = PBXBuildFile; fileRef = E37D06AD2ABC5F20005FE0F1 /* UserDefaultsManager.swift */; };
		E37D06B02ABD51C1005FE0F1 /* FavouritesView.swift in Sources */ = {isa = PBXBuildFile; fileRef = E37D06AF2ABD51C1005FE0F1 /* FavouritesView.swift */; };
		E37D06B22ABD68D5005FE0F1 /* Loader.swift in Sources */ = {isa = PBXBuildFile; fileRef = E37D06B12ABD68D5005FE0F1 /* Loader.swift */; };
		E37D06B42ABD6D8C005FE0F1 /* GlobalConst.swift in Sources */ = {isa = PBXBuildFile; fileRef = E37D06B32ABD6D8C005FE0F1 /* GlobalConst.swift */; };
		E39C27DB2AB1729D004CC5F9 /* ChatView.swift in Sources */ = {isa = PBXBuildFile; fileRef = E39C27DA2AB1729D004CC5F9 /* ChatView.swift */; };
		E39C27DE2AB34354004CC5F9 /* ChatNavBar.swift in Sources */ = {isa = PBXBuildFile; fileRef = E39C27DD2AB34354004CC5F9 /* ChatNavBar.swift */; };
		E39C27E02AB4111E004CC5F9 /* ChatCell.swift in Sources */ = {isa = PBXBuildFile; fileRef = E39C27DF2AB4111E004CC5F9 /* ChatCell.swift */; };
		E39C27E82AB9EEB0004CC5F9 /* FlippedUpsideDown.swift in Sources */ = {isa = PBXBuildFile; fileRef = E39C27E72AB9EEB0004CC5F9 /* FlippedUpsideDown.swift */; };
		E3D21F612ABDBFBF002B3F75 /* Toast.swift in Sources */ = {isa = PBXBuildFile; fileRef = E3D21F602ABDBFBF002B3F75 /* Toast.swift */; };
		E3D21F632AC1BCA2002B3F75 /* ChatTextField.swift in Sources */ = {isa = PBXBuildFile; fileRef = E3D21F622AC1BCA2002B3F75 /* ChatTextField.swift */; };
		E3D21F652AC1C322002B3F75 /* ChatRecordBottomBar.swift in Sources */ = {isa = PBXBuildFile; fileRef = E3D21F642AC1C322002B3F75 /* ChatRecordBottomBar.swift */; };
		E3D21F672AC28CD4002B3F75 /* ViewDidLoadModifier.swift in Sources */ = {isa = PBXBuildFile; fileRef = E3D21F662AC28CD4002B3F75 /* ViewDidLoadModifier.swift */; };
		E3D21F692AC42107002B3F75 /* SettingsView.swift in Sources */ = {isa = PBXBuildFile; fileRef = E3D21F682AC42107002B3F75 /* SettingsView.swift */; };
		E3D21F6B2AC42E4A002B3F75 /* Bundle+AppIcon.swift in Sources */ = {isa = PBXBuildFile; fileRef = E3D21F6A2AC42E4A002B3F75 /* Bundle+AppIcon.swift */; };
		E3F032872AD52BFD00C5D42C /* PhotoAsset.swift in Sources */ = {isa = PBXBuildFile; fileRef = E3F0327C2AD52BFD00C5D42C /* PhotoAsset.swift */; };
		E3F032882AD52BFD00C5D42C /* CachedImageManager.swift in Sources */ = {isa = PBXBuildFile; fileRef = E3F0327D2AD52BFD00C5D42C /* CachedImageManager.swift */; };
		E3F032892AD52BFD00C5D42C /* Camera.swift in Sources */ = {isa = PBXBuildFile; fileRef = E3F0327E2AD52BFD00C5D42C /* Camera.swift */; };
		E3F0328A2AD52BFD00C5D42C /* PhotoItemView.swift in Sources */ = {isa = PBXBuildFile; fileRef = E3F0327F2AD52BFD00C5D42C /* PhotoItemView.swift */; };
		E3F0328B2AD52BFD00C5D42C /* PhotoLibrary.swift in Sources */ = {isa = PBXBuildFile; fileRef = E3F032802AD52BFD00C5D42C /* PhotoLibrary.swift */; };
		E3F0328C2AD52BFD00C5D42C /* PhotoAssetCollection.swift in Sources */ = {isa = PBXBuildFile; fileRef = E3F032812AD52BFD00C5D42C /* PhotoAssetCollection.swift */; };
		E3F0328D2AD52BFD00C5D42C /* LibraryView.swift in Sources */ = {isa = PBXBuildFile; fileRef = E3F032822AD52BFD00C5D42C /* LibraryView.swift */; };
		E3F0328E2AD52BFD00C5D42C /* PhotoCollection.swift in Sources */ = {isa = PBXBuildFile; fileRef = E3F032832AD52BFD00C5D42C /* PhotoCollection.swift */; };
		E3F0328F2AD52BFD00C5D42C /* CameraPreviewView.swift in Sources */ = {isa = PBXBuildFile; fileRef = E3F032842AD52BFD00C5D42C /* CameraPreviewView.swift */; };
		E3F032902AD52BFD00C5D42C /* CameraViewModel.swift in Sources */ = {isa = PBXBuildFile; fileRef = E3F032852AD52BFD00C5D42C /* CameraViewModel.swift */; };
		E3F032912AD52BFD00C5D42C /* CameraView.swift in Sources */ = {isa = PBXBuildFile; fileRef = E3F032862AD52BFD00C5D42C /* CameraView.swift */; };
		E3F032952AD543BE00C5D42C /* FullScreenText.swift in Sources */ = {isa = PBXBuildFile; fileRef = E3F032942AD543BE00C5D42C /* FullScreenText.swift */; };
/* End PBXBuildFile section */

/* Begin PBXFileReference section */
		E315408F2AC43FA900D5A36C /* AppIconView.swift */ = {isa = PBXFileReference; lastKnownFileType = sourcecode.swift; path = AppIconView.swift; sourceTree = "<group>"; };
		E33221A72AC6DAA400964402 /* LanguageDetector.swift */ = {isa = PBXFileReference; lastKnownFileType = sourcecode.swift; path = LanguageDetector.swift; sourceTree = "<group>"; };
		E33221A92AC8039500964402 /* NavBar.swift */ = {isa = PBXFileReference; lastKnownFileType = sourcecode.swift; path = NavBar.swift; sourceTree = "<group>"; };
		E33221AB2ACA8B1100964402 /* DateCell.swift */ = {isa = PBXFileReference; lastKnownFileType = sourcecode.swift; path = DateCell.swift; sourceTree = "<group>"; };
		E33221AD2ACA8BA900964402 /* DateFormatters.swift */ = {isa = PBXFileReference; lastKnownFileType = sourcecode.swift; path = DateFormatters.swift; sourceTree = "<group>"; };
		E342442329A52A68006A2AF9 /* Message.swift */ = {isa = PBXFileReference; lastKnownFileType = sourcecode.swift; path = Message.swift; sourceTree = "<group>"; };
		E36008A02AA9907000014191 /* Info.plist */ = {isa = PBXFileReference; lastKnownFileType = text.plist; path = Info.plist; sourceTree = "<group>"; };
		E36008A72AAAE4AB00014191 /* Translator.swift */ = {isa = PBXFileReference; lastKnownFileType = sourcecode.swift; path = Translator.swift; sourceTree = "<group>"; };
		E36008A92AAAE62200014191 /* Language.swift */ = {isa = PBXFileReference; lastKnownFileType = sourcecode.swift; path = Language.swift; sourceTree = "<group>"; };
		E36008AF2AAEF9AE00014191 /* AudioPlayer.swift */ = {isa = PBXFileReference; lastKnownFileType = sourcecode.swift; path = AudioPlayer.swift; sourceTree = "<group>"; };
		E36008D32AB0592F00014191 /* SpeechRecognizer.swift */ = {isa = PBXFileReference; lastKnownFileType = sourcecode.swift; path = SpeechRecognizer.swift; sourceTree = "<group>"; };
		E361BC492AA61550007956AD /* AJ.app */ = {isa = PBXFileReference; explicitFileType = wrapper.application; includeInIndex = 0; path = AJ.app; sourceTree = BUILT_PRODUCTS_DIR; };
		E361BC4B2AA61550007956AD /* AJApp.swift */ = {isa = PBXFileReference; lastKnownFileType = sourcecode.swift; path = AJApp.swift; sourceTree = "<group>"; };
		E361BC4D2AA61550007956AD /* MainView.swift */ = {isa = PBXFileReference; lastKnownFileType = sourcecode.swift; path = MainView.swift; sourceTree = "<group>"; };
		E361BC4F2AA61552007956AD /* Assets.xcassets */ = {isa = PBXFileReference; lastKnownFileType = folder.assetcatalog; path = Assets.xcassets; sourceTree = "<group>"; };
		E361BC522AA61552007956AD /* Preview Assets.xcassets */ = {isa = PBXFileReference; lastKnownFileType = folder.assetcatalog; path = "Preview Assets.xcassets"; sourceTree = "<group>"; };
		E37022742AD052660031FD0F /* ImageTextRecognizer.swift */ = {isa = PBXFileReference; lastKnownFileType = sourcecode.swift; path = ImageTextRecognizer.swift; sourceTree = "<group>"; };
		E37022782AD11F770031FD0F /* ImageTranslator.swift */ = {isa = PBXFileReference; lastKnownFileType = sourcecode.swift; path = ImageTranslator.swift; sourceTree = "<group>"; };
		E370227B2AD15BEC0031FD0F /* Plan.swift */ = {isa = PBXFileReference; lastKnownFileType = sourcecode.swift; path = Plan.swift; sourceTree = "<group>"; };
		E37D06AB2ABC3216005FE0F1 /* LanguagesView.swift */ = {isa = PBXFileReference; lastKnownFileType = sourcecode.swift; path = LanguagesView.swift; sourceTree = "<group>"; };
		E37D06AD2ABC5F20005FE0F1 /* UserDefaultsManager.swift */ = {isa = PBXFileReference; fileEncoding = 4; lastKnownFileType = sourcecode.swift; path = UserDefaultsManager.swift; sourceTree = "<group>"; };
		E37D06AF2ABD51C1005FE0F1 /* FavouritesView.swift */ = {isa = PBXFileReference; lastKnownFileType = sourcecode.swift; path = FavouritesView.swift; sourceTree = "<group>"; };
		E37D06B12ABD68D5005FE0F1 /* Loader.swift */ = {isa = PBXFileReference; lastKnownFileType = sourcecode.swift; path = Loader.swift; sourceTree = "<group>"; };
		E37D06B32ABD6D8C005FE0F1 /* GlobalConst.swift */ = {isa = PBXFileReference; lastKnownFileType = sourcecode.swift; path = GlobalConst.swift; sourceTree = "<group>"; };
		E39C27DA2AB1729D004CC5F9 /* ChatView.swift */ = {isa = PBXFileReference; lastKnownFileType = sourcecode.swift; path = ChatView.swift; sourceTree = "<group>"; };
		E39C27DD2AB34354004CC5F9 /* ChatNavBar.swift */ = {isa = PBXFileReference; lastKnownFileType = sourcecode.swift; path = ChatNavBar.swift; sourceTree = "<group>"; };
		E39C27DF2AB4111E004CC5F9 /* ChatCell.swift */ = {isa = PBXFileReference; lastKnownFileType = sourcecode.swift; path = ChatCell.swift; sourceTree = "<group>"; };
		E39C27E72AB9EEB0004CC5F9 /* FlippedUpsideDown.swift */ = {isa = PBXFileReference; lastKnownFileType = sourcecode.swift; path = FlippedUpsideDown.swift; sourceTree = "<group>"; };
		E3AE5BB529D9CAEC00AD411B /* APIEndpoint.swift */ = {isa = PBXFileReference; lastKnownFileType = sourcecode.swift; path = APIEndpoint.swift; sourceTree = "<group>"; };
		E3BFCE6429B1F99100154D87 /* AMChatResponse.swift */ = {isa = PBXFileReference; lastKnownFileType = sourcecode.swift; path = AMChatResponse.swift; sourceTree = "<group>"; };
		E3BFCE6629B1F99A00154D87 /* AMChatMessage.swift */ = {isa = PBXFileReference; lastKnownFileType = sourcecode.swift; path = AMChatMessage.swift; sourceTree = "<group>"; };
		E3C95E6C299BCF8E0099DC16 /* Assets.swift */ = {isa = PBXFileReference; lastKnownFileType = sourcecode.swift; path = Assets.swift; sourceTree = "<group>"; };
		E3D21F602ABDBFBF002B3F75 /* Toast.swift */ = {isa = PBXFileReference; lastKnownFileType = sourcecode.swift; path = Toast.swift; sourceTree = "<group>"; };
		E3D21F622AC1BCA2002B3F75 /* ChatTextField.swift */ = {isa = PBXFileReference; lastKnownFileType = sourcecode.swift; path = ChatTextField.swift; sourceTree = "<group>"; };
		E3D21F642AC1C322002B3F75 /* ChatRecordBottomBar.swift */ = {isa = PBXFileReference; lastKnownFileType = sourcecode.swift; path = ChatRecordBottomBar.swift; sourceTree = "<group>"; };
		E3D21F662AC28CD4002B3F75 /* ViewDidLoadModifier.swift */ = {isa = PBXFileReference; lastKnownFileType = sourcecode.swift; path = ViewDidLoadModifier.swift; sourceTree = "<group>"; };
		E3D21F682AC42107002B3F75 /* SettingsView.swift */ = {isa = PBXFileReference; lastKnownFileType = sourcecode.swift; path = SettingsView.swift; sourceTree = "<group>"; };
		E3D21F6A2AC42E4A002B3F75 /* Bundle+AppIcon.swift */ = {isa = PBXFileReference; lastKnownFileType = sourcecode.swift; path = "Bundle+AppIcon.swift"; sourceTree = "<group>"; };
		E3F0327C2AD52BFD00C5D42C /* PhotoAsset.swift */ = {isa = PBXFileReference; fileEncoding = 4; lastKnownFileType = sourcecode.swift; path = PhotoAsset.swift; sourceTree = "<group>"; };
		E3F0327D2AD52BFD00C5D42C /* CachedImageManager.swift */ = {isa = PBXFileReference; fileEncoding = 4; lastKnownFileType = sourcecode.swift; path = CachedImageManager.swift; sourceTree = "<group>"; };
		E3F0327E2AD52BFD00C5D42C /* Camera.swift */ = {isa = PBXFileReference; fileEncoding = 4; lastKnownFileType = sourcecode.swift; path = Camera.swift; sourceTree = "<group>"; };
		E3F0327F2AD52BFD00C5D42C /* PhotoItemView.swift */ = {isa = PBXFileReference; fileEncoding = 4; lastKnownFileType = sourcecode.swift; path = PhotoItemView.swift; sourceTree = "<group>"; };
		E3F032802AD52BFD00C5D42C /* PhotoLibrary.swift */ = {isa = PBXFileReference; fileEncoding = 4; lastKnownFileType = sourcecode.swift; path = PhotoLibrary.swift; sourceTree = "<group>"; };
		E3F032812AD52BFD00C5D42C /* PhotoAssetCollection.swift */ = {isa = PBXFileReference; fileEncoding = 4; lastKnownFileType = sourcecode.swift; path = PhotoAssetCollection.swift; sourceTree = "<group>"; };
		E3F032822AD52BFD00C5D42C /* LibraryView.swift */ = {isa = PBXFileReference; fileEncoding = 4; lastKnownFileType = sourcecode.swift; path = LibraryView.swift; sourceTree = "<group>"; };
		E3F032832AD52BFD00C5D42C /* PhotoCollection.swift */ = {isa = PBXFileReference; fileEncoding = 4; lastKnownFileType = sourcecode.swift; path = PhotoCollection.swift; sourceTree = "<group>"; };
		E3F032842AD52BFD00C5D42C /* CameraPreviewView.swift */ = {isa = PBXFileReference; fileEncoding = 4; lastKnownFileType = sourcecode.swift; path = CameraPreviewView.swift; sourceTree = "<group>"; };
		E3F032852AD52BFD00C5D42C /* CameraViewModel.swift */ = {isa = PBXFileReference; fileEncoding = 4; lastKnownFileType = sourcecode.swift; path = CameraViewModel.swift; sourceTree = "<group>"; };
		E3F032862AD52BFD00C5D42C /* CameraView.swift */ = {isa = PBXFileReference; fileEncoding = 4; lastKnownFileType = sourcecode.swift; path = CameraView.swift; sourceTree = "<group>"; };
		E3F032942AD543BE00C5D42C /* FullScreenText.swift */ = {isa = PBXFileReference; lastKnownFileType = sourcecode.swift; path = FullScreenText.swift; sourceTree = "<group>"; };
/* End PBXFileReference section */

/* Begin PBXFrameworksBuildPhase section */
		E361BC462AA61550007956AD /* Frameworks */ = {
			isa = PBXFrameworksBuildPhase;
			buildActionMask = 2147483647;
			files = (
			);
			runOnlyForDeploymentPostprocessing = 0;
		};
/* End PBXFrameworksBuildPhase section */

/* Begin PBXGroup section */
		22F33CD8298FDD88006CA8E0 = {
			isa = PBXGroup;
			children = (
				E361BC4A2AA61550007956AD /* AJ */,
				22F33CE2298FDD88006CA8E0 /* Products */,
				E361BC842AA62566007956AD /* Frameworks */,
			);
			sourceTree = "<group>";
		};
		22F33CE2298FDD88006CA8E0 /* Products */ = {
			isa = PBXGroup;
			children = (
				E361BC492AA61550007956AD /* AJ.app */,
			);
			name = Products;
			sourceTree = "<group>";
		};
		E315408C2AC43F0400D5A36C /* Chat */ = {
			isa = PBXGroup;
			children = (
				E342442329A52A68006A2AF9 /* Message.swift */,
				E39C27DD2AB34354004CC5F9 /* ChatNavBar.swift */,
				E39C27DF2AB4111E004CC5F9 /* ChatCell.swift */,
				E39C27DA2AB1729D004CC5F9 /* ChatView.swift */,
				E3D21F622AC1BCA2002B3F75 /* ChatTextField.swift */,
				E3D21F642AC1C322002B3F75 /* ChatRecordBottomBar.swift */,
				E33221AB2ACA8B1100964402 /* DateCell.swift */,
				E3F032942AD543BE00C5D42C /* FullScreenText.swift */,
			);
			path = Chat;
			sourceTree = "<group>";
		};
		E315408D2AC43F1900D5A36C /* Settings */ = {
			isa = PBXGroup;
			children = (
				E37D06AF2ABD51C1005FE0F1 /* FavouritesView.swift */,
				E3D21F682AC42107002B3F75 /* SettingsView.swift */,
				E315408F2AC43FA900D5A36C /* AppIconView.swift */,
			);
			path = Settings;
			sourceTree = "<group>";
		};
		E315408E2AC43F2F00D5A36C /* UICommon */ = {
			isa = PBXGroup;
			children = (
				E39C27E72AB9EEB0004CC5F9 /* FlippedUpsideDown.swift */,
				E37D06B12ABD68D5005FE0F1 /* Loader.swift */,
				E3D21F602ABDBFBF002B3F75 /* Toast.swift */,
				E3D21F662AC28CD4002B3F75 /* ViewDidLoadModifier.swift */,
				E33221A92AC8039500964402 /* NavBar.swift */,
			);
			path = UICommon;
			sourceTree = "<group>";
		};
		E32AC50929A3C5B900F242CC /* Data */ = {
			isa = PBXGroup;
			children = (
				E3BFCE5D29B1F16500154D87 /* API */,
				E37D06AD2ABC5F20005FE0F1 /* UserDefaultsManager.swift */,
				E36008AF2AAEF9AE00014191 /* AudioPlayer.swift */,
				E36008D32AB0592F00014191 /* SpeechRecognizer.swift */,
				E36008A72AAAE4AB00014191 /* Translator.swift */,
				E37D06B32ABD6D8C005FE0F1 /* GlobalConst.swift */,
				E3D21F6A2AC42E4A002B3F75 /* Bundle+AppIcon.swift */,
				E33221A72AC6DAA400964402 /* LanguageDetector.swift */,
				E33221AD2ACA8BA900964402 /* DateFormatters.swift */,
				E37022742AD052660031FD0F /* ImageTextRecognizer.swift */,
				E37022782AD11F770031FD0F /* ImageTranslator.swift */,
			);
			path = Data;
			sourceTree = "<group>";
		};
		E361BC4A2AA61550007956AD /* AJ */ = {
			isa = PBXGroup;
			children = (
				E36008A02AA9907000014191 /* Info.plist */,
				E361BC4B2AA61550007956AD /* AJApp.swift */,
				E3C95E6C299BCF8E0099DC16 /* Assets.swift */,
				E361BC4D2AA61550007956AD /* MainView.swift */,
				E361BC4F2AA61552007956AD /* Assets.xcassets */,
				E32AC50929A3C5B900F242CC /* Data */,
				E3F0327B2AD52BD400C5D42C /* Camera */,
				E315408C2AC43F0400D5A36C /* Chat */,
				E315408D2AC43F1900D5A36C /* Settings */,
				E315408E2AC43F2F00D5A36C /* UICommon */,
				E3C95E4D299BB9710099DC16 /* Languages */,
				E361BC512AA61552007956AD /* Preview Content */,
			);
			path = AJ;
			sourceTree = "<group>";
		};
		E361BC512AA61552007956AD /* Preview Content */ = {
			isa = PBXGroup;
			children = (
				E361BC522AA61552007956AD /* Preview Assets.xcassets */,
			);
			path = "Preview Content";
			sourceTree = "<group>";
		};
		E361BC842AA62566007956AD /* Frameworks */ = {
			isa = PBXGroup;
			children = (
			);
			name = Frameworks;
			sourceTree = "<group>";
		};
		E3BFCE5D29B1F16500154D87 /* API */ = {
			isa = PBXGroup;
			children = (
				E3BFCE6429B1F99100154D87 /* AMChatResponse.swift */,
				E3BFCE6629B1F99A00154D87 /* AMChatMessage.swift */,
				E3AE5BB529D9CAEC00AD411B /* APIEndpoint.swift */,
			);
			path = API;
			sourceTree = "<group>";
		};
		E3C95E4D299BB9710099DC16 /* Languages */ = {
			isa = PBXGroup;
			children = (
				E36008A92AAAE62200014191 /* Language.swift */,
				E37D06AB2ABC3216005FE0F1 /* LanguagesView.swift */,
			);
			path = Languages;
			sourceTree = "<group>";
		};
		E3F0327B2AD52BD400C5D42C /* Camera */ = {
			isa = PBXGroup;
			children = (
				E3F0327D2AD52BFD00C5D42C /* CachedImageManager.swift */,
				E3F0327E2AD52BFD00C5D42C /* Camera.swift */,
				E3F032842AD52BFD00C5D42C /* CameraPreviewView.swift */,
				E3F032862AD52BFD00C5D42C /* CameraView.swift */,
				E3F032852AD52BFD00C5D42C /* CameraViewModel.swift */,
				E3F032822AD52BFD00C5D42C /* LibraryView.swift */,
				E3F0327C2AD52BFD00C5D42C /* PhotoAsset.swift */,
				E3F032812AD52BFD00C5D42C /* PhotoAssetCollection.swift */,
				E3F032832AD52BFD00C5D42C /* PhotoCollection.swift */,
				E3F0327F2AD52BFD00C5D42C /* PhotoItemView.swift */,
				E3F032802AD52BFD00C5D42C /* PhotoLibrary.swift */,
				E370227B2AD15BEC0031FD0F /* Plan.swift */,
			);
			path = Camera;
			sourceTree = "<group>";
		};
/* End PBXGroup section */

/* Begin PBXNativeTarget section */
		E361BC482AA61550007956AD /* AJ */ = {
			isa = PBXNativeTarget;
			buildConfigurationList = E361BC562AA61552007956AD /* Build configuration list for PBXNativeTarget "AJ" */;
			buildPhases = (
				E361BC452AA61550007956AD /* Sources */,
				E361BC462AA61550007956AD /* Frameworks */,
				E361BC472AA61550007956AD /* Resources */,
			);
			buildRules = (
			);
			dependencies = (
			);
			name = AJ;
			packageProductDependencies = (
			);
			productName = AJ;
			productReference = E361BC492AA61550007956AD /* AJ.app */;
			productType = "com.apple.product-type.application";
		};
/* End PBXNativeTarget section */

/* Begin PBXProject section */
		22F33CD9298FDD88006CA8E0 /* Project object */ = {
			isa = PBXProject;
			attributes = {
				BuildIndependentTargetsInParallel = 1;
				LastSwiftUpdateCheck = 1500;
				LastUpgradeCheck = 1410;
				TargetAttributes = {
					E361BC482AA61550007956AD = {
						CreatedOnToolsVersion = 15.0;
					};
				};
			};
			buildConfigurationList = 22F33CDC298FDD88006CA8E0 /* Build configuration list for PBXProject "A2Z" */;
			compatibilityVersion = "Xcode 14.0";
			developmentRegion = en;
			hasScannedForEncodings = 0;
			knownRegions = (
				en,
				Base,
				fr,
				it,
				de,
				es,
			);
			mainGroup = 22F33CD8298FDD88006CA8E0;
			packageReferences = (
			);
			productRefGroup = 22F33CE2298FDD88006CA8E0 /* Products */;
			projectDirPath = "";
			projectRoot = "";
			targets = (
				E361BC482AA61550007956AD /* AJ */,
			);
		};
/* End PBXProject section */

/* Begin PBXResourcesBuildPhase section */
		E361BC472AA61550007956AD /* Resources */ = {
			isa = PBXResourcesBuildPhase;
			buildActionMask = 2147483647;
			files = (
				E361BC532AA61552007956AD /* Preview Assets.xcassets in Resources */,
				E361BC502AA61552007956AD /* Assets.xcassets in Resources */,
			);
			runOnlyForDeploymentPostprocessing = 0;
		};
/* End PBXResourcesBuildPhase section */

/* Begin PBXSourcesBuildPhase section */
		E361BC452AA61550007956AD /* Sources */ = {
			isa = PBXSourcesBuildPhase;
			buildActionMask = 2147483647;
			files = (
				E39C27DE2AB34354004CC5F9 /* ChatNavBar.swift in Sources */,
				E33221AC2ACA8B1100964402 /* DateCell.swift in Sources */,
				E361BC4E2AA61550007956AD /* MainView.swift in Sources */,
				E36008D42AB0592F00014191 /* SpeechRecognizer.swift in Sources */,
				E3F032902AD52BFD00C5D42C /* CameraViewModel.swift in Sources */,
				E361BC702AA62459007956AD /* APIEndpoint.swift in Sources */,
				E361BC662AA6241B007956AD /* Assets.swift in Sources */,
				E3F0328F2AD52BFD00C5D42C /* CameraPreviewView.swift in Sources */,
				E3D21F672AC28CD4002B3F75 /* ViewDidLoadModifier.swift in Sources */,
				E37D06AE2ABC5F20005FE0F1 /* UserDefaultsManager.swift in Sources */,
				E37D06B22ABD68D5005FE0F1 /* Loader.swift in Sources */,
				E370227C2AD15BEC0031FD0F /* Plan.swift in Sources */,
				E3F032892AD52BFD00C5D42C /* Camera.swift in Sources */,
				E3F032952AD543BE00C5D42C /* FullScreenText.swift in Sources */,
				E3F0328D2AD52BFD00C5D42C /* LibraryView.swift in Sources */,
				E39C27DB2AB1729D004CC5F9 /* ChatView.swift in Sources */,
				E361BC812AA6251D007956AD /* AMChatMessage.swift in Sources */,
				E3D21F6B2AC42E4A002B3F75 /* Bundle+AppIcon.swift in Sources */,
				E33221AA2AC8039500964402 /* NavBar.swift in Sources */,
				E33221AE2ACA8BA900964402 /* DateFormatters.swift in Sources */,
				E3F032882AD52BFD00C5D42C /* CachedImageManager.swift in Sources */,
				E3F032912AD52BFD00C5D42C /* CameraView.swift in Sources */,
				E37D06B42ABD6D8C005FE0F1 /* GlobalConst.swift in Sources */,
				E361BC832AA6251D007956AD /* AMChatResponse.swift in Sources */,
				E36008AA2AAAE62200014191 /* Language.swift in Sources */,
				E36008B02AAEF9AE00014191 /* AudioPlayer.swift in Sources */,
				E3F0328A2AD52BFD00C5D42C /* PhotoItemView.swift in Sources */,
				E39C27E82AB9EEB0004CC5F9 /* FlippedUpsideDown.swift in Sources */,
				E3F0328B2AD52BFD00C5D42C /* PhotoLibrary.swift in Sources */,
				E37D06AC2ABC3216005FE0F1 /* LanguagesView.swift in Sources */,
				E37022752AD052660031FD0F /* ImageTextRecognizer.swift in Sources */,
				E36008A82AAAE4AB00014191 /* Translator.swift in Sources */,
				E3F0328E2AD52BFD00C5D42C /* PhotoCollection.swift in Sources */,
				E33221A82AC6DAA400964402 /* LanguageDetector.swift in Sources */,
				E3D21F652AC1C322002B3F75 /* ChatRecordBottomBar.swift in Sources */,
				E361BC5F2AA615CE007956AD /* Message.swift in Sources */,
				E361BC4C2AA61550007956AD /* AJApp.swift in Sources */,
				E3F0328C2AD52BFD00C5D42C /* PhotoAssetCollection.swift in Sources */,
				E31540902AC43FA900D5A36C /* AppIconView.swift in Sources */,
				E37D06B02ABD51C1005FE0F1 /* FavouritesView.swift in Sources */,
				E3F032872AD52BFD00C5D42C /* PhotoAsset.swift in Sources */,
				E37022792AD11F770031FD0F /* ImageTranslator.swift in Sources */,
				E3D21F612ABDBFBF002B3F75 /* Toast.swift in Sources */,
				E39C27E02AB4111E004CC5F9 /* ChatCell.swift in Sources */,
				E3D21F632AC1BCA2002B3F75 /* ChatTextField.swift in Sources */,
				E3D21F692AC42107002B3F75 /* SettingsView.swift in Sources */,
			);
			runOnlyForDeploymentPostprocessing = 0;
		};
/* End PBXSourcesBuildPhase section */

/* Begin XCBuildConfiguration section */
		22F33D03298FDD89006CA8E0 /* Debug */ = {
			isa = XCBuildConfiguration;
			buildSettings = {
				ALWAYS_SEARCH_USER_PATHS = NO;
				"ASSETCATALOG_COMPILER_ALTERNATE_APPICON_NAMES[sdk=*]" = IC_Spain;
				ASSETCATALOG_COMPILER_INCLUDE_ALL_APPICON_ASSETS = YES;
				CLANG_ANALYZER_NONNULL = YES;
				CLANG_ANALYZER_NUMBER_OBJECT_CONVERSION = YES_AGGRESSIVE;
				CLANG_CXX_LANGUAGE_STANDARD = "gnu++20";
				CLANG_ENABLE_MODULES = YES;
				CLANG_ENABLE_OBJC_ARC = YES;
				CLANG_ENABLE_OBJC_WEAK = YES;
				CLANG_WARN_BLOCK_CAPTURE_AUTORELEASING = YES;
				CLANG_WARN_BOOL_CONVERSION = YES;
				CLANG_WARN_COMMA = YES;
				CLANG_WARN_CONSTANT_CONVERSION = YES;
				CLANG_WARN_DEPRECATED_OBJC_IMPLEMENTATIONS = YES;
				CLANG_WARN_DIRECT_OBJC_ISA_USAGE = YES_ERROR;
				CLANG_WARN_DOCUMENTATION_COMMENTS = YES;
				CLANG_WARN_EMPTY_BODY = YES;
				CLANG_WARN_ENUM_CONVERSION = YES;
				CLANG_WARN_INFINITE_RECURSION = YES;
				CLANG_WARN_INT_CONVERSION = YES;
				CLANG_WARN_NON_LITERAL_NULL_CONVERSION = YES;
				CLANG_WARN_OBJC_IMPLICIT_RETAIN_SELF = YES;
				CLANG_WARN_OBJC_LITERAL_CONVERSION = YES;
				CLANG_WARN_OBJC_ROOT_CLASS = YES_ERROR;
				CLANG_WARN_QUOTED_INCLUDE_IN_FRAMEWORK_HEADER = YES;
				CLANG_WARN_RANGE_LOOP_ANALYSIS = YES;
				CLANG_WARN_STRICT_PROTOTYPES = YES;
				CLANG_WARN_SUSPICIOUS_MOVE = YES;
				CLANG_WARN_UNGUARDED_AVAILABILITY = YES_AGGRESSIVE;
				CLANG_WARN_UNREACHABLE_CODE = YES;
				CLANG_WARN__DUPLICATE_METHOD_MATCH = YES;
				COPY_PHASE_STRIP = NO;
				DEBUG_INFORMATION_FORMAT = dwarf;
				ENABLE_STRICT_OBJC_MSGSEND = YES;
				ENABLE_TESTABILITY = YES;
				GCC_C_LANGUAGE_STANDARD = gnu11;
				GCC_DYNAMIC_NO_PIC = NO;
				GCC_NO_COMMON_BLOCKS = YES;
				GCC_OPTIMIZATION_LEVEL = 0;
				GCC_PREPROCESSOR_DEFINITIONS = (
					"DEBUG=1",
					"$(inherited)",
				);
				GCC_WARN_64_TO_32_BIT_CONVERSION = YES;
				GCC_WARN_ABOUT_RETURN_TYPE = YES_ERROR;
				GCC_WARN_UNDECLARED_SELECTOR = YES;
				GCC_WARN_UNINITIALIZED_AUTOS = YES_AGGRESSIVE;
				GCC_WARN_UNUSED_FUNCTION = YES;
				GCC_WARN_UNUSED_VARIABLE = YES;
				IPHONEOS_DEPLOYMENT_TARGET = 17.0;
				MTL_ENABLE_DEBUG_INFO = INCLUDE_SOURCE;
				MTL_FAST_MATH = YES;
				ONLY_ACTIVE_ARCH = YES;
				SDKROOT = iphoneos;
				SWIFT_ACTIVE_COMPILATION_CONDITIONS = DEBUG;
				SWIFT_OPTIMIZATION_LEVEL = "-Onone";
			};
			name = Debug;
		};
		22F33D04298FDD89006CA8E0 /* Release */ = {
			isa = XCBuildConfiguration;
			buildSettings = {
				ALWAYS_SEARCH_USER_PATHS = NO;
				"ASSETCATALOG_COMPILER_ALTERNATE_APPICON_NAMES[sdk=*]" = IC_Spain;
				ASSETCATALOG_COMPILER_INCLUDE_ALL_APPICON_ASSETS = YES;
				CLANG_ANALYZER_NONNULL = YES;
				CLANG_ANALYZER_NUMBER_OBJECT_CONVERSION = YES_AGGRESSIVE;
				CLANG_CXX_LANGUAGE_STANDARD = "gnu++20";
				CLANG_ENABLE_MODULES = YES;
				CLANG_ENABLE_OBJC_ARC = YES;
				CLANG_ENABLE_OBJC_WEAK = YES;
				CLANG_WARN_BLOCK_CAPTURE_AUTORELEASING = YES;
				CLANG_WARN_BOOL_CONVERSION = YES;
				CLANG_WARN_COMMA = YES;
				CLANG_WARN_CONSTANT_CONVERSION = YES;
				CLANG_WARN_DEPRECATED_OBJC_IMPLEMENTATIONS = YES;
				CLANG_WARN_DIRECT_OBJC_ISA_USAGE = YES_ERROR;
				CLANG_WARN_DOCUMENTATION_COMMENTS = YES;
				CLANG_WARN_EMPTY_BODY = YES;
				CLANG_WARN_ENUM_CONVERSION = YES;
				CLANG_WARN_INFINITE_RECURSION = YES;
				CLANG_WARN_INT_CONVERSION = YES;
				CLANG_WARN_NON_LITERAL_NULL_CONVERSION = YES;
				CLANG_WARN_OBJC_IMPLICIT_RETAIN_SELF = YES;
				CLANG_WARN_OBJC_LITERAL_CONVERSION = YES;
				CLANG_WARN_OBJC_ROOT_CLASS = YES_ERROR;
				CLANG_WARN_QUOTED_INCLUDE_IN_FRAMEWORK_HEADER = YES;
				CLANG_WARN_RANGE_LOOP_ANALYSIS = YES;
				CLANG_WARN_STRICT_PROTOTYPES = YES;
				CLANG_WARN_SUSPICIOUS_MOVE = YES;
				CLANG_WARN_UNGUARDED_AVAILABILITY = YES_AGGRESSIVE;
				CLANG_WARN_UNREACHABLE_CODE = YES;
				CLANG_WARN__DUPLICATE_METHOD_MATCH = YES;
				COPY_PHASE_STRIP = NO;
				DEBUG_INFORMATION_FORMAT = "dwarf-with-dsym";
				ENABLE_NS_ASSERTIONS = NO;
				ENABLE_STRICT_OBJC_MSGSEND = YES;
				GCC_C_LANGUAGE_STANDARD = gnu11;
				GCC_NO_COMMON_BLOCKS = YES;
				GCC_WARN_64_TO_32_BIT_CONVERSION = YES;
				GCC_WARN_ABOUT_RETURN_TYPE = YES_ERROR;
				GCC_WARN_UNDECLARED_SELECTOR = YES;
				GCC_WARN_UNINITIALIZED_AUTOS = YES_AGGRESSIVE;
				GCC_WARN_UNUSED_FUNCTION = YES;
				GCC_WARN_UNUSED_VARIABLE = YES;
				IPHONEOS_DEPLOYMENT_TARGET = 17.0;
				MTL_ENABLE_DEBUG_INFO = NO;
				MTL_FAST_MATH = YES;
				SDKROOT = iphoneos;
				SWIFT_COMPILATION_MODE = wholemodule;
				SWIFT_OPTIMIZATION_LEVEL = "-O";
				VALIDATE_PRODUCT = YES;
			};
			name = Release;
		};
		E361BC542AA61552007956AD /* Debug */ = {
			isa = XCBuildConfiguration;
			buildSettings = {
				"ASSETCATALOG_COMPILER_ALTERNATE_APPICON_NAMES[sdk=*]" = "ICEn ICCh ICHi ICKz ICGe ICArm ICTu ICIn ICPo ICRu ICBe ICFr ICAr ICSp";
				ASSETCATALOG_COMPILER_APPICON_NAME = AppIcon;
				ASSETCATALOG_COMPILER_GENERATE_SWIFT_ASSET_SYMBOL_EXTENSIONS = YES;
				ASSETCATALOG_COMPILER_GLOBAL_ACCENT_COLOR_NAME = AccentColor;
				CODE_SIGN_STYLE = Automatic;
				CURRENT_PROJECT_VERSION = 1;
				DEVELOPMENT_ASSET_PATHS = "\"AJ/Preview Content\"";
				DEVELOPMENT_TEAM = QURJ6229N6;
				ENABLE_PREVIEWS = YES;
				ENABLE_USER_SCRIPT_SANDBOXING = YES;
				GCC_C_LANGUAGE_STANDARD = gnu17;
				GENERATE_INFOPLIST_FILE = YES;
				INFOPLIST_FILE = AJ/Info.plist;
				INFOPLIST_KEY_CFBundleDisplayName = Moe;
				INFOPLIST_KEY_LSApplicationCategoryType = "public.app-category.education";
				INFOPLIST_KEY_NSCameraUsageDescription = "AJ needs ur camera";
				INFOPLIST_KEY_NSMicrophoneUsageDescription = "Microphone desc";
				INFOPLIST_KEY_NSPhotoLibraryUsageDescription = "We need it";
				INFOPLIST_KEY_NSSpeechRecognitionUsageDescription = "Speech desc";
				INFOPLIST_KEY_UIApplicationSceneManifest_Generation = YES;
				INFOPLIST_KEY_UIApplicationSupportsIndirectInputEvents = YES;
				INFOPLIST_KEY_UILaunchStoryboardName = "";
				INFOPLIST_KEY_UISupportedInterfaceOrientations = UIInterfaceOrientationPortrait;
				INFOPLIST_KEY_UISupportedInterfaceOrientations_iPad = "UIInterfaceOrientationLandscapeLeft UIInterfaceOrientationLandscapeRight UIInterfaceOrientationPortrait UIInterfaceOrientationPortraitUpsideDown";
				IPHONEOS_DEPLOYMENT_TARGET = 17.0;
				LD_RUNPATH_SEARCH_PATHS = (
					"$(inherited)",
					"@executable_path/Frameworks",
				);
				LOCALIZATION_PREFERS_STRING_CATALOGS = YES;
				MARKETING_VERSION = 1.0;
				PRODUCT_BUNDLE_IDENTIFIER = com.mpp.AJ;
				PRODUCT_NAME = "$(TARGET_NAME)";
				SWIFT_ACTIVE_COMPILATION_CONDITIONS = "DEBUG $(inherited)";
				SWIFT_EMIT_LOC_STRINGS = YES;
				SWIFT_VERSION = 5.0;
				TARGETED_DEVICE_FAMILY = "1,2";
			};
			name = Debug;
		};
		E361BC552AA61552007956AD /* Release */ = {
			isa = XCBuildConfiguration;
			buildSettings = {
				"ASSETCATALOG_COMPILER_ALTERNATE_APPICON_NAMES[sdk=*]" = "ICKz ICGe ICArm ICTu ICIn ICPo ICRu ICBe ICFr ICHi ICSp ICAr ICCh ICEn";
				ASSETCATALOG_COMPILER_APPICON_NAME = AppIcon;
				ASSETCATALOG_COMPILER_GENERATE_SWIFT_ASSET_SYMBOL_EXTENSIONS = YES;
				ASSETCATALOG_COMPILER_GLOBAL_ACCENT_COLOR_NAME = AccentColor;
				CODE_SIGN_STYLE = Automatic;
				CURRENT_PROJECT_VERSION = 1;
				DEVELOPMENT_ASSET_PATHS = "\"AJ/Preview Content\"";
				DEVELOPMENT_TEAM = QURJ6229N6;
				ENABLE_PREVIEWS = YES;
				ENABLE_USER_SCRIPT_SANDBOXING = YES;
				GCC_C_LANGUAGE_STANDARD = gnu17;
				GENERATE_INFOPLIST_FILE = YES;
				INFOPLIST_FILE = AJ/Info.plist;
				INFOPLIST_KEY_CFBundleDisplayName = Moe;
				INFOPLIST_KEY_LSApplicationCategoryType = "public.app-category.education";
				INFOPLIST_KEY_NSCameraUsageDescription = "AJ needs ur camera";
				INFOPLIST_KEY_NSMicrophoneUsageDescription = "Microphone desc";
				INFOPLIST_KEY_NSPhotoLibraryUsageDescription = "We need it";
				INFOPLIST_KEY_NSSpeechRecognitionUsageDescription = "Speech desc";
				INFOPLIST_KEY_UIApplicationSceneManifest_Generation = YES;
				INFOPLIST_KEY_UIApplicationSupportsIndirectInputEvents = YES;
				INFOPLIST_KEY_UILaunchStoryboardName = "";
				INFOPLIST_KEY_UISupportedInterfaceOrientations = UIInterfaceOrientationPortrait;
				INFOPLIST_KEY_UISupportedInterfaceOrientations_iPad = "UIInterfaceOrientationLandscapeLeft UIInterfaceOrientationLandscapeRight UIInterfaceOrientationPortrait UIInterfaceOrientationPortraitUpsideDown";
				IPHONEOS_DEPLOYMENT_TARGET = 17.0;
				LD_RUNPATH_SEARCH_PATHS = (
					"$(inherited)",
					"@executable_path/Frameworks",
				);
				LOCALIZATION_PREFERS_STRING_CATALOGS = YES;
				MARKETING_VERSION = 1.0;
				PRODUCT_BUNDLE_IDENTIFIER = com.mpp.AJ;
				PRODUCT_NAME = "$(TARGET_NAME)";
				SWIFT_EMIT_LOC_STRINGS = YES;
				SWIFT_VERSION = 5.0;
				TARGETED_DEVICE_FAMILY = "1,2";
			};
			name = Release;
		};
/* End XCBuildConfiguration section */

/* Begin XCConfigurationList section */
		22F33CDC298FDD88006CA8E0 /* Build configuration list for PBXProject "A2Z" */ = {
			isa = XCConfigurationList;
			buildConfigurations = (
				22F33D03298FDD89006CA8E0 /* Debug */,
				22F33D04298FDD89006CA8E0 /* Release */,
			);
			defaultConfigurationIsVisible = 0;
			defaultConfigurationName = Release;
		};
		E361BC562AA61552007956AD /* Build configuration list for PBXNativeTarget "AJ" */ = {
			isa = XCConfigurationList;
			buildConfigurations = (
				E361BC542AA61552007956AD /* Debug */,
				E361BC552AA61552007956AD /* Release */,
			);
			defaultConfigurationIsVisible = 0;
			defaultConfigurationName = Release;
		};
/* End XCConfigurationList section */
	};
	rootObject = 22F33CD9298FDD88006CA8E0 /* Project object */;
}
